
Microsoft Visual Studio Solution File, Format Version 12.00
# Visual Studio Version 17
VisualStudioVersion = 17.3.32929.385
MinimumVisualStudioVersion = 10.0.40219.1
Project("{FAE04EC0-301F-11D3-BF4B-00C04F79EFBC}") = "ProductManage", "ProductManage\ProductManage.csproj", "{022BBD73-B66F-4C25-90FD-3105BDA6F3FC}"
EndProject
Global
	GlobalSection(SolutionConfigurationPlatforms) = preSolution
		Debug|Any CPU = Debug|Any CPU
		Release|Any CPU = Release|Any CPU
	EndGlobalSection
	GlobalSection(ProjectConfigurationPlatforms) = postSolution
		{022BBD73-B66F-4C25-90FD-3105BDA6F3FC}.Debug|Any CPU.ActiveCfg = Debug|Any CPU
		{022BBD73-B66F-4C25-90FD-3105BDA6F3FC}.Debug|Any CPU.Build.0 = Debug|Any CPU
		{022BBD73-B66F-4C25-90FD-3105BDA6F3FC}.Release|Any CPU.ActiveCfg = Release|Any CPU
		{022BBD73-B66F-4C25-90FD-3105BDA6F3FC}.Release|Any CPU.Build.0 = Release|Any CPU
	EndGlobalSection
	GlobalSection(SolutionProperties) = preSolution
		HideSolutionNode = FALSE
	EndGlobalSection
	GlobalSection(ExtensibilityGlobals) = postSolution
		SolutionGuid = {FA34B951-8EFB-4EED-8D7D-200849859208}
	EndGlobalSection
EndGlobal
